
Microsoft Visual Studio Solution File, Format Version 12.00
# Visual Studio 15
VisualStudioVersion = 15.0.26430.14
MinimumVisualStudioVersion = 10.0.40219.1
Project("{FAE04EC0-301F-11D3-BF4B-00C04F79EFBC}") = "Models", "Models\Models.csproj", "{F1E88E1F-07CE-4377-98DC-3844BE0E3E49}"
EndProject
Project("{FAE04EC0-301F-11D3-BF4B-00C04F79EFBC}") = "TowerWebApi", "TowerWebApi\TowerWebApi.csproj", "{4A5C5924-A8EA-4BDA-8D63-96B201955544}"
EndProject
Project("{FAE04EC0-301F-11D3-BF4B-00C04F79EFBC}") = "AirPortLogic", "AirPortLogic\AirPortLogic.csproj", "{084E13ED-6C30-4909-83E8-F03EEE46CEE5}"
EndProject
Project("{FAE04EC0-301F-11D3-BF4B-00C04F79EFBC}") = "DAL", "DAL\DAL.csproj", "{2506E34C-4104-4A0C-88DB-CA555A9E69B1}"
EndProject
Project("{FAE04EC0-301F-11D3-BF4B-00C04F79EFBC}") = "Hubs", "Hubs\Hubs.csproj", "{ECD22E06-72D0-49C2-BC74-17B200BD36B1}"
EndProject
Project("{FAE04EC0-301F-11D3-BF4B-00C04F79EFBC}") = "TowerRunner", "TowerRunner\TowerRunner.csproj", "{4CB11947-8683-4C7F-A31D-6550A46F2E3F}"
EndProject
Project("{FAE04EC0-301F-11D3-BF4B-00C04F79EFBC}") = "FactoryServer", "FactoryServer\FactoryServer.csproj", "{8512FD44-2BF5-408C-BBFC-3A928A47A5B9}"
EndProject
Project("{FAE04EC0-301F-11D3-BF4B-00C04F79EFBC}") = "PlaneFactory", "PlaneFactory\PlaneFactory.csproj", "{84877FFC-7393-4101-9154-A448B087C2D1}"
EndProject
Global
	GlobalSection(SolutionConfigurationPlatforms) = preSolution
		Debug|Any CPU = Debug|Any CPU
		Debug|ARM = Debug|ARM
		Debug|x64 = Debug|x64
		Debug|x86 = Debug|x86
		Release|Any CPU = Release|Any CPU
		Release|ARM = Release|ARM
		Release|x64 = Release|x64
		Release|x86 = Release|x86
	EndGlobalSection
	GlobalSection(ProjectConfigurationPlatforms) = postSolution
		{F1E88E1F-07CE-4377-98DC-3844BE0E3E49}.Debug|Any CPU.ActiveCfg = Debug|Any CPU
		{F1E88E1F-07CE-4377-98DC-3844BE0E3E49}.Debug|Any CPU.Build.0 = Debug|Any CPU
		{F1E88E1F-07CE-4377-98DC-3844BE0E3E49}.Debug|ARM.ActiveCfg = Debug|Any CPU
		{F1E88E1F-07CE-4377-98DC-3844BE0E3E49}.Debug|ARM.Build.0 = Debug|Any CPU
		{F1E88E1F-07CE-4377-98DC-3844BE0E3E49}.Debug|x64.ActiveCfg = Debug|Any CPU
		{F1E88E1F-07CE-4377-98DC-3844BE0E3E49}.Debug|x64.Build.0 = Debug|Any CPU
		{F1E88E1F-07CE-4377-98DC-3844BE0E3E49}.Debug|x86.ActiveCfg = Debug|Any CPU
		{F1E88E1F-07CE-4377-98DC-3844BE0E3E49}.Debug|x86.Build.0 = Debug|Any CPU
		{F1E88E1F-07CE-4377-98DC-3844BE0E3E49}.Release|Any CPU.ActiveCfg = Release|Any CPU
		{F1E88E1F-07CE-4377-98DC-3844BE0E3E49}.Release|Any CPU.Build.0 = Release|Any CPU
		{F1E88E1F-07CE-4377-98DC-3844BE0E3E49}.Release|ARM.ActiveCfg = Release|Any CPU
		{F1E88E1F-07CE-4377-98DC-3844BE0E3E49}.Release|ARM.Build.0 = Release|Any CPU
		{F1E88E1F-07CE-4377-98DC-3844BE0E3E49}.Release|x64.ActiveCfg = Release|Any CPU
		{F1E88E1F-07CE-4377-98DC-3844BE0E3E49}.Release|x64.Build.0 = Release|Any CPU
		{F1E88E1F-07CE-4377-98DC-3844BE0E3E49}.Release|x86.ActiveCfg = Release|Any CPU
		{F1E88E1F-07CE-4377-98DC-3844BE0E3E49}.Release|x86.Build.0 = Release|Any CPU
		{4A5C5924-A8EA-4BDA-8D63-96B201955544}.Debug|Any CPU.ActiveCfg = Debug|Any CPU
		{4A5C5924-A8EA-4BDA-8D63-96B201955544}.Debug|Any CPU.Build.0 = Debug|Any CPU
		{4A5C5924-A8EA-4BDA-8D63-96B201955544}.Debug|ARM.ActiveCfg = Debug|Any CPU
		{4A5C5924-A8EA-4BDA-8D63-96B201955544}.Debug|ARM.Build.0 = Debug|Any CPU
		{4A5C5924-A8EA-4BDA-8D63-96B201955544}.Debug|x64.ActiveCfg = Debug|Any CPU
		{4A5C5924-A8EA-4BDA-8D63-96B201955544}.Debug|x64.Build.0 = Debug|Any CPU
		{4A5C5924-A8EA-4BDA-8D63-96B201955544}.Debug|x86.ActiveCfg = Debug|Any CPU
		{4A5C5924-A8EA-4BDA-8D63-96B201955544}.Debug|x86.Build.0 = Debug|Any CPU
		{4A5C5924-A8EA-4BDA-8D63-96B201955544}.Release|Any CPU.ActiveCfg = Release|Any CPU
		{4A5C5924-A8EA-4BDA-8D63-96B201955544}.Release|Any CPU.Build.0 = Release|Any CPU
		{4A5C5924-A8EA-4BDA-8D63-96B201955544}.Release|ARM.ActiveCfg = Release|Any CPU
		{4A5C5924-A8EA-4BDA-8D63-96B201955544}.Release|ARM.Build.0 = Release|Any CPU
		{4A5C5924-A8EA-4BDA-8D63-96B201955544}.Release|x64.ActiveCfg = Release|Any CPU
		{4A5C5924-A8EA-4BDA-8D63-96B201955544}.Release|x64.Build.0 = Release|Any CPU
		{4A5C5924-A8EA-4BDA-8D63-96B201955544}.Release|x86.ActiveCfg = Release|Any CPU
		{4A5C5924-A8EA-4BDA-8D63-96B201955544}.Release|x86.Build.0 = Release|Any CPU
		{084E13ED-6C30-4909-83E8-F03EEE46CEE5}.Debug|Any CPU.ActiveCfg = Debug|Any CPU
		{084E13ED-6C30-4909-83E8-F03EEE46CEE5}.Debug|Any CPU.Build.0 = Debug|Any CPU
		{084E13ED-6C30-4909-83E8-F03EEE46CEE5}.Debug|ARM.ActiveCfg = Debug|Any CPU
		{084E13ED-6C30-4909-83E8-F03EEE46CEE5}.Debug|ARM.Build.0 = Debug|Any CPU
		{084E13ED-6C30-4909-83E8-F03EEE46CEE5}.Debug|x64.ActiveCfg = Debug|Any CPU
		{084E13ED-6C30-4909-83E8-F03EEE46CEE5}.Debug|x64.Build.0 = Debug|Any CPU
		{084E13ED-6C30-4909-83E8-F03EEE46CEE5}.Debug|x86.ActiveCfg = Debug|Any CPU
		{084E13ED-6C30-4909-83E8-F03EEE46CEE5}.Debug|x86.Build.0 = Debug|Any CPU
		{084E13ED-6C30-4909-83E8-F03EEE46CEE5}.Release|Any CPU.ActiveCfg = Release|Any CPU
		{084E13ED-6C30-4909-83E8-F03EEE46CEE5}.Release|Any CPU.Build.0 = Release|Any CPU
		{084E13ED-6C30-4909-83E8-F03EEE46CEE5}.Release|ARM.ActiveCfg = Release|Any CPU
		{084E13ED-6C30-4909-83E8-F03EEE46CEE5}.Release|ARM.Build.0 = Release|Any CPU
		{084E13ED-6C30-4909-83E8-F03EEE46CEE5}.Release|x64.ActiveCfg = Release|Any CPU
		{084E13ED-6C30-4909-83E8-F03EEE46CEE5}.Release|x64.Build.0 = Release|Any CPU
		{084E13ED-6C30-4909-83E8-F03EEE46CEE5}.Release|x86.ActiveCfg = Release|Any CPU
		{084E13ED-6C30-4909-83E8-F03EEE46CEE5}.Release|x86.Build.0 = Release|Any CPU
		{2506E34C-4104-4A0C-88DB-CA555A9E69B1}.Debug|Any CPU.ActiveCfg = Debug|Any CPU
		{2506E34C-4104-4A0C-88DB-CA555A9E69B1}.Debug|Any CPU.Build.0 = Debug|Any CPU
		{2506E34C-4104-4A0C-88DB-CA555A9E69B1}.Debug|ARM.ActiveCfg = Debug|Any CPU
		{2506E34C-4104-4A0C-88DB-CA555A9E69B1}.Debug|ARM.Build.0 = Debug|Any CPU
		{2506E34C-4104-4A0C-88DB-CA555A9E69B1}.Debug|x64.ActiveCfg = Debug|Any CPU
		{2506E34C-4104-4A0C-88DB-CA555A9E69B1}.Debug|x64.Build.0 = Debug|Any CPU
		{2506E34C-4104-4A0C-88DB-CA555A9E69B1}.Debug|x86.ActiveCfg = Debug|Any CPU
		{2506E34C-4104-4A0C-88DB-CA555A9E69B1}.Debug|x86.Build.0 = Debug|Any CPU
		{2506E34C-4104-4A0C-88DB-CA555A9E69B1}.Release|Any CPU.ActiveCfg = Release|Any CPU
		{2506E34C-4104-4A0C-88DB-CA555A9E69B1}.Release|Any CPU.Build.0 = Release|Any CPU
		{2506E34C-4104-4A0C-88DB-CA555A9E69B1}.Release|ARM.ActiveCfg = Release|Any CPU
		{2506E34C-4104-4A0C-88DB-CA555A9E69B1}.Release|ARM.Build.0 = Release|Any CPU
		{2506E34C-4104-4A0C-88DB-CA555A9E69B1}.Release|x64.ActiveCfg = Release|Any CPU
		{2506E34C-4104-4A0C-88DB-CA555A9E69B1}.Release|x64.Build.0 = Release|Any CPU
		{2506E34C-4104-4A0C-88DB-CA555A9E69B1}.Release|x86.ActiveCfg = Release|Any CPU
		{2506E34C-4104-4A0C-88DB-CA555A9E69B1}.Release|x86.Build.0 = Release|Any CPU
		{ECD22E06-72D0-49C2-BC74-17B200BD36B1}.Debug|Any CPU.ActiveCfg = Debug|Any CPU
		{ECD22E06-72D0-49C2-BC74-17B200BD36B1}.Debug|Any CPU.Build.0 = Debug|Any CPU
		{ECD22E06-72D0-49C2-BC74-17B200BD36B1}.Debug|ARM.ActiveCfg = Debug|Any CPU
		{ECD22E06-72D0-49C2-BC74-17B200BD36B1}.Debug|ARM.Build.0 = Debug|Any CPU
		{ECD22E06-72D0-49C2-BC74-17B200BD36B1}.Debug|x64.ActiveCfg = Debug|Any CPU
		{ECD22E06-72D0-49C2-BC74-17B200BD36B1}.Debug|x64.Build.0 = Debug|Any CPU
		{ECD22E06-72D0-49C2-BC74-17B200BD36B1}.Debug|x86.ActiveCfg = Debug|Any CPU
		{ECD22E06-72D0-49C2-BC74-17B200BD36B1}.Debug|x86.Build.0 = Debug|Any CPU
		{ECD22E06-72D0-49C2-BC74-17B200BD36B1}.Release|Any CPU.ActiveCfg = Release|Any CPU
		{ECD22E06-72D0-49C2-BC74-17B200BD36B1}.Release|Any CPU.Build.0 = Release|Any CPU
		{ECD22E06-72D0-49C2-BC74-17B200BD36B1}.Release|ARM.ActiveCfg = Release|Any CPU
		{ECD22E06-72D0-49C2-BC74-17B200BD36B1}.Release|ARM.Build.0 = Release|Any CPU
		{ECD22E06-72D0-49C2-BC74-17B200BD36B1}.Release|x64.ActiveCfg = Release|Any CPU
		{ECD22E06-72D0-49C2-BC74-17B200BD36B1}.Release|x64.Build.0 = Release|Any CPU
		{ECD22E06-72D0-49C2-BC74-17B200BD36B1}.Release|x86.ActiveCfg = Release|Any CPU
		{ECD22E06-72D0-49C2-BC74-17B200BD36B1}.Release|x86.Build.0 = Release|Any CPU
		{4CB11947-8683-4C7F-A31D-6550A46F2E3F}.Debug|Any CPU.ActiveCfg = Debug|Any CPU
		{4CB11947-8683-4C7F-A31D-6550A46F2E3F}.Debug|Any CPU.Build.0 = Debug|Any CPU
		{4CB11947-8683-4C7F-A31D-6550A46F2E3F}.Debug|ARM.ActiveCfg = Debug|Any CPU
		{4CB11947-8683-4C7F-A31D-6550A46F2E3F}.Debug|ARM.Build.0 = Debug|Any CPU
		{4CB11947-8683-4C7F-A31D-6550A46F2E3F}.Debug|x64.ActiveCfg = Debug|Any CPU
		{4CB11947-8683-4C7F-A31D-6550A46F2E3F}.Debug|x64.Build.0 = Debug|Any CPU
		{4CB11947-8683-4C7F-A31D-6550A46F2E3F}.Debug|x86.ActiveCfg = Debug|Any CPU
		{4CB11947-8683-4C7F-A31D-6550A46F2E3F}.Debug|x86.Build.0 = Debug|Any CPU
		{4CB11947-8683-4C7F-A31D-6550A46F2E3F}.Release|Any CPU.ActiveCfg = Release|Any CPU
		{4CB11947-8683-4C7F-A31D-6550A46F2E3F}.Release|Any CPU.Build.0 = Release|Any CPU
		{4CB11947-8683-4C7F-A31D-6550A46F2E3F}.Release|ARM.ActiveCfg = Release|Any CPU
		{4CB11947-8683-4C7F-A31D-6550A46F2E3F}.Release|ARM.Build.0 = Release|Any CPU
		{4CB11947-8683-4C7F-A31D-6550A46F2E3F}.Release|x64.ActiveCfg = Release|Any CPU
		{4CB11947-8683-4C7F-A31D-6550A46F2E3F}.Release|x64.Build.0 = Release|Any CPU
		{4CB11947-8683-4C7F-A31D-6550A46F2E3F}.Release|x86.ActiveCfg = Release|Any CPU
		{4CB11947-8683-4C7F-A31D-6550A46F2E3F}.Release|x86.Build.0 = Release|Any CPU
		{8512FD44-2BF5-408C-BBFC-3A928A47A5B9}.Debug|Any CPU.ActiveCfg = Debug|Any CPU
		{8512FD44-2BF5-408C-BBFC-3A928A47A5B9}.Debug|Any CPU.Build.0 = Debug|Any CPU
		{8512FD44-2BF5-408C-BBFC-3A928A47A5B9}.Debug|ARM.ActiveCfg = Debug|Any CPU
		{8512FD44-2BF5-408C-BBFC-3A928A47A5B9}.Debug|ARM.Build.0 = Debug|Any CPU
		{8512FD44-2BF5-408C-BBFC-3A928A47A5B9}.Debug|x64.ActiveCfg = Debug|Any CPU
		{8512FD44-2BF5-408C-BBFC-3A928A47A5B9}.Debug|x64.Build.0 = Debug|Any CPU
		{8512FD44-2BF5-408C-BBFC-3A928A47A5B9}.Debug|x86.ActiveCfg = Debug|Any CPU
		{8512FD44-2BF5-408C-BBFC-3A928A47A5B9}.Debug|x86.Build.0 = Debug|Any CPU
		{8512FD44-2BF5-408C-BBFC-3A928A47A5B9}.Release|Any CPU.ActiveCfg = Release|Any CPU
		{8512FD44-2BF5-408C-BBFC-3A928A47A5B9}.Release|Any CPU.Build.0 = Release|Any CPU
		{8512FD44-2BF5-408C-BBFC-3A928A47A5B9}.Release|ARM.ActiveCfg = Release|Any CPU
		{8512FD44-2BF5-408C-BBFC-3A928A47A5B9}.Release|ARM.Build.0 = Release|Any CPU
		{8512FD44-2BF5-408C-BBFC-3A928A47A5B9}.Release|x64.ActiveCfg = Release|Any CPU
		{8512FD44-2BF5-408C-BBFC-3A928A47A5B9}.Release|x64.Build.0 = Release|Any CPU
		{8512FD44-2BF5-408C-BBFC-3A928A47A5B9}.Release|x86.ActiveCfg = Release|Any CPU
		{8512FD44-2BF5-408C-BBFC-3A928A47A5B9}.Release|x86.Build.0 = Release|Any CPU
		{84877FFC-7393-4101-9154-A448B087C2D1}.Debug|Any CPU.ActiveCfg = Debug|Any CPU
		{84877FFC-7393-4101-9154-A448B087C2D1}.Debug|Any CPU.Build.0 = Debug|Any CPU
		{84877FFC-7393-4101-9154-A448B087C2D1}.Debug|ARM.ActiveCfg = Debug|Any CPU
		{84877FFC-7393-4101-9154-A448B087C2D1}.Debug|ARM.Build.0 = Debug|Any CPU
		{84877FFC-7393-4101-9154-A448B087C2D1}.Debug|x64.ActiveCfg = Debug|Any CPU
		{84877FFC-7393-4101-9154-A448B087C2D1}.Debug|x64.Build.0 = Debug|Any CPU
		{84877FFC-7393-4101-9154-A448B087C2D1}.Debug|x86.ActiveCfg = Debug|Any CPU
		{84877FFC-7393-4101-9154-A448B087C2D1}.Debug|x86.Build.0 = Debug|Any CPU
		{84877FFC-7393-4101-9154-A448B087C2D1}.Release|Any CPU.ActiveCfg = Release|Any CPU
		{84877FFC-7393-4101-9154-A448B087C2D1}.Release|Any CPU.Build.0 = Release|Any CPU
		{84877FFC-7393-4101-9154-A448B087C2D1}.Release|ARM.ActiveCfg = Release|Any CPU
		{84877FFC-7393-4101-9154-A448B087C2D1}.Release|ARM.Build.0 = Release|Any CPU
		{84877FFC-7393-4101-9154-A448B087C2D1}.Release|x64.ActiveCfg = Release|Any CPU
		{84877FFC-7393-4101-9154-A448B087C2D1}.Release|x64.Build.0 = Release|Any CPU
		{84877FFC-7393-4101-9154-A448B087C2D1}.Release|x86.ActiveCfg = Release|Any CPU
		{84877FFC-7393-4101-9154-A448B087C2D1}.Release|x86.Build.0 = Release|Any CPU
	EndGlobalSection
	GlobalSection(SolutionProperties) = preSolution
		HideSolutionNode = FALSE
	EndGlobalSection
EndGlobal
